// !$*UTF8*$!
{
	archiveVersion = 1;
	classes = {
	};
	objectVersion = 50;
	objects = {

/* Begin PBXBuildFile section */
		05D41D715BD98CDFA3F32CD4 /* Pods_HackingRioUITests.framework in Frameworks */ = {isa = PBXBuildFile; fileRef = 867F80CB33A4B01366BF81B5 /* Pods_HackingRioUITests.framework */; };
		3B71E37A210CE11900AD30AC /* Person.swift in Sources */ = {isa = PBXBuildFile; fileRef = 3B71E379210CE11900AD30AC /* Person.swift */; };
		3BBF3275210D606D00B32596 /* Payment.storyboard in Resources */ = {isa = PBXBuildFile; fileRef = 3BBF3274210D606D00B32596 /* Payment.storyboard */; };
		3BBF3277210D776900B32596 /* DoctorProfile.storyboard in Resources */ = {isa = PBXBuildFile; fileRef = 3BBF3276210D776900B32596 /* DoctorProfile.storyboard */; };
		3BBF327B210D7B1B00B32596 /* DoctorProfileVC.swift in Sources */ = {isa = PBXBuildFile; fileRef = 3BBF327A210D7B1B00B32596 /* DoctorProfileVC.swift */; };
		651BF028210CD5CD0016C4A9 /* AppDelegate.swift in Sources */ = {isa = PBXBuildFile; fileRef = 651BF027210CD5CD0016C4A9 /* AppDelegate.swift */; };
		651BF02A210CD5CD0016C4A9 /* ViewController.swift in Sources */ = {isa = PBXBuildFile; fileRef = 651BF029210CD5CD0016C4A9 /* ViewController.swift */; };
		651BF02D210CD5CD0016C4A9 /* Main.storyboard in Resources */ = {isa = PBXBuildFile; fileRef = 651BF02B210CD5CD0016C4A9 /* Main.storyboard */; };
		651BF02F210CD5CE0016C4A9 /* Assets.xcassets in Resources */ = {isa = PBXBuildFile; fileRef = 651BF02E210CD5CE0016C4A9 /* Assets.xcassets */; };
		651BF032210CD5CE0016C4A9 /* LaunchScreen.storyboard in Resources */ = {isa = PBXBuildFile; fileRef = 651BF030210CD5CE0016C4A9 /* LaunchScreen.storyboard */; };
		651BF03D210CD5CE0016C4A9 /* HackingRioTests.swift in Sources */ = {isa = PBXBuildFile; fileRef = 651BF03C210CD5CE0016C4A9 /* HackingRioTests.swift */; };
		651BF048210CD5CE0016C4A9 /* HackingRioUITests.swift in Sources */ = {isa = PBXBuildFile; fileRef = 651BF047210CD5CE0016C4A9 /* HackingRioUITests.swift */; };
		65CC9E67210D1E4000AB847E /* HomeTabBar.swift in Sources */ = {isa = PBXBuildFile; fileRef = 65CC9E66210D1E4000AB847E /* HomeTabBar.swift */; };
		683E6273210D76FC00C6AA64 /* UIColor.swift in Sources */ = {isa = PBXBuildFile; fileRef = 683E6272210D76FC00C6AA64 /* UIColor.swift */; };
		6883EB6F210D7CCB0072D173 /* DoctorScheduleVC.swift in Sources */ = {isa = PBXBuildFile; fileRef = 6883EB6E210D7CCB0072D173 /* DoctorScheduleVC.swift */; };
		6883EB73210D7F730072D173 /* CalendarCollectionView.swift in Sources */ = {isa = PBXBuildFile; fileRef = 6883EB72210D7F730072D173 /* CalendarCollectionView.swift */; };
		6883EB75210D81210072D173 /* DoctorScheduleStoryboard.storyboard in Resources */ = {isa = PBXBuildFile; fileRef = 6883EB74210D81210072D173 /* DoctorScheduleStoryboard.storyboard */; };
		6883EB77210D8C300072D173 /* DoctorScheduleCell.swift in Sources */ = {isa = PBXBuildFile; fileRef = 6883EB76210D8C300072D173 /* DoctorScheduleCell.swift */; };
		6883EB79210D8DFA0072D173 /* DAO.swift in Sources */ = {isa = PBXBuildFile; fileRef = 6883EB78210D8DFA0072D173 /* DAO.swift */; };
		881DFF0431D6B4F9B48F9716 /* Pods_HackingRioTests.framework in Frameworks */ = {isa = PBXBuildFile; fileRef = C99A837C685B3F8B9E210547 /* Pods_HackingRioTests.framework */; };
		962B3892210D57D700BF6318 /* Appointment.swift in Sources */ = {isa = PBXBuildFile; fileRef = 962B3891210D57D700BF6318 /* Appointment.swift */; };
		962B3894210D668B00BF6318 /* LoginVC.swift in Sources */ = {isa = PBXBuildFile; fileRef = 962B3893210D668B00BF6318 /* LoginVC.swift */; };
		962B3898210D7AA500BF6318 /* SearchTab.swift in Sources */ = {isa = PBXBuildFile; fileRef = 962B3897210D7AA500BF6318 /* SearchTab.swift */; };
		968189F8210CE73E00E6C7DC /* Slot.swift in Sources */ = {isa = PBXBuildFile; fileRef = 968189F7210CE73E00E6C7DC /* Slot.swift */; };
		968189FC210CE7B100E6C7DC /* Patient.swift in Sources */ = {isa = PBXBuildFile; fileRef = 968189FB210CE7B100E6C7DC /* Patient.swift */; };
		968189FE210D1E1000E6C7DC /* Clinic.swift in Sources */ = {isa = PBXBuildFile; fileRef = 968189FD210D1E1000E6C7DC /* Clinic.swift */; };
		96818A00210D20B400E6C7DC /* Payment.swift in Sources */ = {isa = PBXBuildFile; fileRef = 968189FF210D20B400E6C7DC /* Payment.swift */; };
		96818A02210D220600E6C7DC /* BankAccount.swift in Sources */ = {isa = PBXBuildFile; fileRef = 96818A01210D220600E6C7DC /* BankAccount.swift */; };
		96818A04210D4BA500E6C7DC /* StandardVC.swift in Sources */ = {isa = PBXBuildFile; fileRef = 96818A03210D4BA500E6C7DC /* StandardVC.swift */; };
		D9C3415257AD6FE3610B7881 /* Pods_HackingRio.framework in Frameworks */ = {isa = PBXBuildFile; fileRef = 94D17B1A55027C151666358F /* Pods_HackingRio.framework */; };
/* End PBXBuildFile section */

/* Begin PBXContainerItemProxy section */
		651BF039210CD5CE0016C4A9 /* PBXContainerItemProxy */ = {
			isa = PBXContainerItemProxy;
			containerPortal = 651BF01C210CD5CD0016C4A9 /* Project object */;
			proxyType = 1;
			remoteGlobalIDString = 651BF023210CD5CD0016C4A9;
			remoteInfo = HackingRio;
		};
		651BF044210CD5CE0016C4A9 /* PBXContainerItemProxy */ = {
			isa = PBXContainerItemProxy;
			containerPortal = 651BF01C210CD5CD0016C4A9 /* Project object */;
			proxyType = 1;
			remoteGlobalIDString = 651BF023210CD5CD0016C4A9;
			remoteInfo = HackingRio;
		};
/* End PBXContainerItemProxy section */

/* Begin PBXFileReference section */
		1D314E82BA3A8096870AECF1 /* Pods-HackingRioUITests.release.xcconfig */ = {isa = PBXFileReference; includeInIndex = 1; lastKnownFileType = text.xcconfig; name = "Pods-HackingRioUITests.release.xcconfig"; path = "Pods/Target Support Files/Pods-HackingRioUITests/Pods-HackingRioUITests.release.xcconfig"; sourceTree = "<group>"; };
		34115F1AF2708BC58276765C /* Pods-HackingRioTests.debug.xcconfig */ = {isa = PBXFileReference; includeInIndex = 1; lastKnownFileType = text.xcconfig; name = "Pods-HackingRioTests.debug.xcconfig"; path = "Pods/Target Support Files/Pods-HackingRioTests/Pods-HackingRioTests.debug.xcconfig"; sourceTree = "<group>"; };
		3B71E379210CE11900AD30AC /* Person.swift */ = {isa = PBXFileReference; lastKnownFileType = sourcecode.swift; path = Person.swift; sourceTree = "<group>"; };
		3B71E37B210CE6CA00AD30AC /* Doctor.swift */ = {isa = PBXFileReference; lastKnownFileType = sourcecode.swift; path = Doctor.swift; sourceTree = "<group>"; };
		3BBF3274210D606D00B32596 /* Payment.storyboard */ = {isa = PBXFileReference; lastKnownFileType = file.storyboard; path = Payment.storyboard; sourceTree = "<group>"; };
		3BBF3276210D776900B32596 /* DoctorProfile.storyboard */ = {isa = PBXFileReference; lastKnownFileType = file.storyboard; path = DoctorProfile.storyboard; sourceTree = "<group>"; };
		3BBF327A210D7B1B00B32596 /* DoctorProfileVC.swift */ = {isa = PBXFileReference; lastKnownFileType = sourcecode.swift; path = DoctorProfileVC.swift; sourceTree = "<group>"; };
		41A7B82764177BEA4228685E /* Pods-HackingRioUITests.debug.xcconfig */ = {isa = PBXFileReference; includeInIndex = 1; lastKnownFileType = text.xcconfig; name = "Pods-HackingRioUITests.debug.xcconfig"; path = "Pods/Target Support Files/Pods-HackingRioUITests/Pods-HackingRioUITests.debug.xcconfig"; sourceTree = "<group>"; };
		651BF024210CD5CD0016C4A9 /* HackingRio.app */ = {isa = PBXFileReference; explicitFileType = wrapper.application; includeInIndex = 0; path = HackingRio.app; sourceTree = BUILT_PRODUCTS_DIR; };
		651BF027210CD5CD0016C4A9 /* AppDelegate.swift */ = {isa = PBXFileReference; lastKnownFileType = sourcecode.swift; path = AppDelegate.swift; sourceTree = "<group>"; };
		651BF029210CD5CD0016C4A9 /* ViewController.swift */ = {isa = PBXFileReference; lastKnownFileType = sourcecode.swift; path = ViewController.swift; sourceTree = "<group>"; };
		651BF02C210CD5CD0016C4A9 /* Base */ = {isa = PBXFileReference; lastKnownFileType = file.storyboard; name = Base; path = Base.lproj/Main.storyboard; sourceTree = "<group>"; };
		651BF02E210CD5CE0016C4A9 /* Assets.xcassets */ = {isa = PBXFileReference; lastKnownFileType = folder.assetcatalog; path = Assets.xcassets; sourceTree = "<group>"; };
		651BF031210CD5CE0016C4A9 /* Base */ = {isa = PBXFileReference; lastKnownFileType = file.storyboard; name = Base; path = Base.lproj/LaunchScreen.storyboard; sourceTree = "<group>"; };
		651BF033210CD5CE0016C4A9 /* Info.plist */ = {isa = PBXFileReference; lastKnownFileType = text.plist.xml; path = Info.plist; sourceTree = "<group>"; };
		651BF038210CD5CE0016C4A9 /* HackingRioTests.xctest */ = {isa = PBXFileReference; explicitFileType = wrapper.cfbundle; includeInIndex = 0; path = HackingRioTests.xctest; sourceTree = BUILT_PRODUCTS_DIR; };
		651BF03C210CD5CE0016C4A9 /* HackingRioTests.swift */ = {isa = PBXFileReference; lastKnownFileType = sourcecode.swift; path = HackingRioTests.swift; sourceTree = "<group>"; };
		651BF03E210CD5CE0016C4A9 /* Info.plist */ = {isa = PBXFileReference; lastKnownFileType = text.plist.xml; path = Info.plist; sourceTree = "<group>"; };
		651BF043210CD5CE0016C4A9 /* HackingRioUITests.xctest */ = {isa = PBXFileReference; explicitFileType = wrapper.cfbundle; includeInIndex = 0; path = HackingRioUITests.xctest; sourceTree = BUILT_PRODUCTS_DIR; };
		651BF047210CD5CE0016C4A9 /* HackingRioUITests.swift */ = {isa = PBXFileReference; lastKnownFileType = sourcecode.swift; path = HackingRioUITests.swift; sourceTree = "<group>"; };
		651BF049210CD5CE0016C4A9 /* Info.plist */ = {isa = PBXFileReference; lastKnownFileType = text.plist.xml; path = Info.plist; sourceTree = "<group>"; };
		65CC9E66210D1E4000AB847E /* HomeTabBar.swift */ = {isa = PBXFileReference; lastKnownFileType = sourcecode.swift; path = HomeTabBar.swift; sourceTree = "<group>"; };
		683E6272210D76FC00C6AA64 /* UIColor.swift */ = {isa = PBXFileReference; lastKnownFileType = sourcecode.swift; path = UIColor.swift; sourceTree = "<group>"; };
		6883EB6E210D7CCB0072D173 /* DoctorScheduleVC.swift */ = {isa = PBXFileReference; lastKnownFileType = sourcecode.swift; path = DoctorScheduleVC.swift; sourceTree = "<group>"; };
		6883EB72210D7F730072D173 /* CalendarCollectionView.swift */ = {isa = PBXFileReference; lastKnownFileType = sourcecode.swift; path = CalendarCollectionView.swift; sourceTree = "<group>"; };
		6883EB74210D81210072D173 /* DoctorScheduleStoryboard.storyboard */ = {isa = PBXFileReference; lastKnownFileType = file.storyboard; path = DoctorScheduleStoryboard.storyboard; sourceTree = "<group>"; };
		6883EB76210D8C300072D173 /* DoctorScheduleCell.swift */ = {isa = PBXFileReference; lastKnownFileType = sourcecode.swift; path = DoctorScheduleCell.swift; sourceTree = "<group>"; };
		6883EB78210D8DFA0072D173 /* DAO.swift */ = {isa = PBXFileReference; lastKnownFileType = sourcecode.swift; path = DAO.swift; sourceTree = "<group>"; };
		867F80CB33A4B01366BF81B5 /* Pods_HackingRioUITests.framework */ = {isa = PBXFileReference; explicitFileType = wrapper.framework; includeInIndex = 0; path = Pods_HackingRioUITests.framework; sourceTree = BUILT_PRODUCTS_DIR; };
		94D17B1A55027C151666358F /* Pods_HackingRio.framework */ = {isa = PBXFileReference; explicitFileType = wrapper.framework; includeInIndex = 0; path = Pods_HackingRio.framework; sourceTree = BUILT_PRODUCTS_DIR; };
		962B3891210D57D700BF6318 /* Appointment.swift */ = {isa = PBXFileReference; fileEncoding = 4; lastKnownFileType = sourcecode.swift; path = Appointment.swift; sourceTree = "<group>"; };
		962B3893210D668B00BF6318 /* LoginVC.swift */ = {isa = PBXFileReference; lastKnownFileType = sourcecode.swift; path = LoginVC.swift; sourceTree = "<group>"; };
		962B3897210D7AA500BF6318 /* SearchTab.swift */ = {isa = PBXFileReference; lastKnownFileType = sourcecode.swift; path = SearchTab.swift; sourceTree = "<group>"; };
		968189F7210CE73E00E6C7DC /* Slot.swift */ = {isa = PBXFileReference; lastKnownFileType = sourcecode.swift; path = Slot.swift; sourceTree = "<group>"; };
		968189FB210CE7B100E6C7DC /* Patient.swift */ = {isa = PBXFileReference; lastKnownFileType = sourcecode.swift; path = Patient.swift; sourceTree = "<group>"; };
		968189FD210D1E1000E6C7DC /* Clinic.swift */ = {isa = PBXFileReference; lastKnownFileType = sourcecode.swift; path = Clinic.swift; sourceTree = "<group>"; };
		968189FF210D20B400E6C7DC /* Payment.swift */ = {isa = PBXFileReference; lastKnownFileType = sourcecode.swift; path = Payment.swift; sourceTree = "<group>"; };
		96818A01210D220600E6C7DC /* BankAccount.swift */ = {isa = PBXFileReference; lastKnownFileType = sourcecode.swift; path = BankAccount.swift; sourceTree = "<group>"; };
		96818A03210D4BA500E6C7DC /* StandardVC.swift */ = {isa = PBXFileReference; lastKnownFileType = sourcecode.swift; path = StandardVC.swift; sourceTree = "<group>"; };
		973CA1106071518925F6DE72 /* Pods-HackingRioTests.release.xcconfig */ = {isa = PBXFileReference; includeInIndex = 1; lastKnownFileType = text.xcconfig; name = "Pods-HackingRioTests.release.xcconfig"; path = "Pods/Target Support Files/Pods-HackingRioTests/Pods-HackingRioTests.release.xcconfig"; sourceTree = "<group>"; };
		A3FF06C82D2D4FFE32F80F4D /* Pods-HackingRio.release.xcconfig */ = {isa = PBXFileReference; includeInIndex = 1; lastKnownFileType = text.xcconfig; name = "Pods-HackingRio.release.xcconfig"; path = "Pods/Target Support Files/Pods-HackingRio/Pods-HackingRio.release.xcconfig"; sourceTree = "<group>"; };
		AB767C0ED229056D8DCCF4BC /* Pods-HackingRio.debug.xcconfig */ = {isa = PBXFileReference; includeInIndex = 1; lastKnownFileType = text.xcconfig; name = "Pods-HackingRio.debug.xcconfig"; path = "Pods/Target Support Files/Pods-HackingRio/Pods-HackingRio.debug.xcconfig"; sourceTree = "<group>"; };
		C99A837C685B3F8B9E210547 /* Pods_HackingRioTests.framework */ = {isa = PBXFileReference; explicitFileType = wrapper.framework; includeInIndex = 0; path = Pods_HackingRioTests.framework; sourceTree = BUILT_PRODUCTS_DIR; };
/* End PBXFileReference section */

/* Begin PBXFrameworksBuildPhase section */
		651BF021210CD5CD0016C4A9 /* Frameworks */ = {
			isa = PBXFrameworksBuildPhase;
			buildActionMask = 2147483647;
			files = (
				D9C3415257AD6FE3610B7881 /* Pods_HackingRio.framework in Frameworks */,
			);
			runOnlyForDeploymentPostprocessing = 0;
		};
		651BF035210CD5CE0016C4A9 /* Frameworks */ = {
			isa = PBXFrameworksBuildPhase;
			buildActionMask = 2147483647;
			files = (
				881DFF0431D6B4F9B48F9716 /* Pods_HackingRioTests.framework in Frameworks */,
			);
			runOnlyForDeploymentPostprocessing = 0;
		};
		651BF040210CD5CE0016C4A9 /* Frameworks */ = {
			isa = PBXFrameworksBuildPhase;
			buildActionMask = 2147483647;
			files = (
				05D41D715BD98CDFA3F32CD4 /* Pods_HackingRioUITests.framework in Frameworks */,
			);
			runOnlyForDeploymentPostprocessing = 0;
		};
/* End PBXFrameworksBuildPhase section */

/* Begin PBXGroup section */
		3B71E376210CE09C00AD30AC /* Model */ = {
			isa = PBXGroup;
			children = (
				3B71E379210CE11900AD30AC /* Person.swift */,
				6883EB78210D8DFA0072D173 /* DAO.swift */,
				3B71E37B210CE6CA00AD30AC /* Doctor.swift */,
				968189F7210CE73E00E6C7DC /* Slot.swift */,
				962B3891210D57D700BF6318 /* Appointment.swift */,
				968189FB210CE7B100E6C7DC /* Patient.swift */,
				968189FD210D1E1000E6C7DC /* Clinic.swift */,
				968189FF210D20B400E6C7DC /* Payment.swift */,
				96818A01210D220600E6C7DC /* BankAccount.swift */,
			);
			path = Model;
			sourceTree = "<group>";
		};
		3B71E377210CE0AB00AD30AC /* View */ = {
			isa = PBXGroup;
			children = (
				651BF02B210CD5CD0016C4A9 /* Main.storyboard */,
				3BBF3274210D606D00B32596 /* Payment.storyboard */,
				6883EB74210D81210072D173 /* DoctorScheduleStoryboard.storyboard */,
				651BF030210CD5CE0016C4A9 /* LaunchScreen.storyboard */,
				3BBF3276210D776900B32596 /* DoctorProfile.storyboard */,
			);
			path = View;
			sourceTree = "<group>";
		};
		3B71E378210CE0BB00AD30AC /* Controller */ = {
			isa = PBXGroup;
			children = (
				96818A03210D4BA500E6C7DC /* StandardVC.swift */,
				6883EB6E210D7CCB0072D173 /* DoctorScheduleVC.swift */,
				6883EB72210D7F730072D173 /* CalendarCollectionView.swift */,
				6883EB76210D8C300072D173 /* DoctorScheduleCell.swift */,
				962B3893210D668B00BF6318 /* LoginVC.swift */,
				65CC9E66210D1E4000AB847E /* HomeTabBar.swift */,
				651BF029210CD5CD0016C4A9 /* ViewController.swift */,
				3BBF327A210D7B1B00B32596 /* DoctorProfileVC.swift */,
			);
			path = Controller;
			sourceTree = "<group>";
		};
		651BF01B210CD5CD0016C4A9 = {
			isa = PBXGroup;
			children = (
				651BF026210CD5CD0016C4A9 /* HackingRio */,
				651BF03B210CD5CE0016C4A9 /* HackingRioTests */,
				651BF046210CD5CE0016C4A9 /* HackingRioUITests */,
				651BF025210CD5CD0016C4A9 /* Products */,
				DA691F38DB209CAAFEE1F1E2 /* Pods */,
				671B018411F4E0D59C1B27D6 /* Frameworks */,
			);
			sourceTree = "<group>";
		};
		651BF025210CD5CD0016C4A9 /* Products */ = {
			isa = PBXGroup;
			children = (
				651BF024210CD5CD0016C4A9 /* HackingRio.app */,
				651BF038210CD5CE0016C4A9 /* HackingRioTests.xctest */,
				651BF043210CD5CE0016C4A9 /* HackingRioUITests.xctest */,
			);
			name = Products;
			sourceTree = "<group>";
		};
		651BF026210CD5CD0016C4A9 /* HackingRio */ = {
			isa = PBXGroup;
			children = (
				962B3899210D7AB800BF6318 /* Search */,
				683E6271210D76E500C6AA64 /* Extensions */,
				651BF027210CD5CD0016C4A9 /* AppDelegate.swift */,
				3B71E376210CE09C00AD30AC /* Model */,
				3B71E377210CE0AB00AD30AC /* View */,
				3B71E378210CE0BB00AD30AC /* Controller */,
				651BF02E210CD5CE0016C4A9 /* Assets.xcassets */,
				651BF033210CD5CE0016C4A9 /* Info.plist */,
			);
			path = HackingRio;
			sourceTree = "<group>";
		};
		651BF03B210CD5CE0016C4A9 /* HackingRioTests */ = {
			isa = PBXGroup;
			children = (
				651BF03C210CD5CE0016C4A9 /* HackingRioTests.swift */,
				651BF03E210CD5CE0016C4A9 /* Info.plist */,
			);
			path = HackingRioTests;
			sourceTree = "<group>";
		};
		651BF046210CD5CE0016C4A9 /* HackingRioUITests */ = {
			isa = PBXGroup;
			children = (
				651BF047210CD5CE0016C4A9 /* HackingRioUITests.swift */,
				651BF049210CD5CE0016C4A9 /* Info.plist */,
			);
			path = HackingRioUITests;
			sourceTree = "<group>";
		};
		671B018411F4E0D59C1B27D6 /* Frameworks */ = {
			isa = PBXGroup;
			children = (
				94D17B1A55027C151666358F /* Pods_HackingRio.framework */,
				C99A837C685B3F8B9E210547 /* Pods_HackingRioTests.framework */,
				867F80CB33A4B01366BF81B5 /* Pods_HackingRioUITests.framework */,
			);
			name = Frameworks;
			sourceTree = "<group>";
		};
		683E6271210D76E500C6AA64 /* Extensions */ = {
			isa = PBXGroup;
			children = (
				683E6272210D76FC00C6AA64 /* UIColor.swift */,
			);
			path = Extensions;
			sourceTree = "<group>";
		};
		962B3899210D7AB800BF6318 /* Search */ = {
			isa = PBXGroup;
			children = (
				962B3897210D7AA500BF6318 /* SearchTab.swift */,
			);
			name = Search;
			path = "New Group";
			sourceTree = "<group>";
		};
		DA691F38DB209CAAFEE1F1E2 /* Pods */ = {
			isa = PBXGroup;
			children = (
				AB767C0ED229056D8DCCF4BC /* Pods-HackingRio.debug.xcconfig */,
				A3FF06C82D2D4FFE32F80F4D /* Pods-HackingRio.release.xcconfig */,
				34115F1AF2708BC58276765C /* Pods-HackingRioTests.debug.xcconfig */,
				973CA1106071518925F6DE72 /* Pods-HackingRioTests.release.xcconfig */,
				41A7B82764177BEA4228685E /* Pods-HackingRioUITests.debug.xcconfig */,
				1D314E82BA3A8096870AECF1 /* Pods-HackingRioUITests.release.xcconfig */,
			);
			name = Pods;
			sourceTree = "<group>";
		};
/* End PBXGroup section */

/* Begin PBXNativeTarget section */
		651BF023210CD5CD0016C4A9 /* HackingRio */ = {
			isa = PBXNativeTarget;
			buildConfigurationList = 651BF04C210CD5CE0016C4A9 /* Build configuration list for PBXNativeTarget "HackingRio" */;
			buildPhases = (
				6F2AED78D37F05D85DBF7B30 /* [CP] Check Pods Manifest.lock */,
				651BF020210CD5CD0016C4A9 /* Sources */,
				651BF021210CD5CD0016C4A9 /* Frameworks */,
				651BF022210CD5CD0016C4A9 /* Resources */,
				C583C9E468C2F946F6307E8C /* [CP] Embed Pods Frameworks */,
			);
			buildRules = (
			);
			dependencies = (
			);
			name = HackingRio;
			productName = HackingRio;
			productReference = 651BF024210CD5CD0016C4A9 /* HackingRio.app */;
			productType = "com.apple.product-type.application";
		};
		651BF037210CD5CE0016C4A9 /* HackingRioTests */ = {
			isa = PBXNativeTarget;
			buildConfigurationList = 651BF04F210CD5CE0016C4A9 /* Build configuration list for PBXNativeTarget "HackingRioTests" */;
			buildPhases = (
				2F8307EEE48EC4DE2B5C7D2A /* [CP] Check Pods Manifest.lock */,
				651BF034210CD5CE0016C4A9 /* Sources */,
				651BF035210CD5CE0016C4A9 /* Frameworks */,
				651BF036210CD5CE0016C4A9 /* Resources */,
			);
			buildRules = (
			);
			dependencies = (
				651BF03A210CD5CE0016C4A9 /* PBXTargetDependency */,
			);
			name = HackingRioTests;
			productName = HackingRioTests;
			productReference = 651BF038210CD5CE0016C4A9 /* HackingRioTests.xctest */;
			productType = "com.apple.product-type.bundle.unit-test";
		};
		651BF042210CD5CE0016C4A9 /* HackingRioUITests */ = {
			isa = PBXNativeTarget;
			buildConfigurationList = 651BF052210CD5CE0016C4A9 /* Build configuration list for PBXNativeTarget "HackingRioUITests" */;
			buildPhases = (
				396DCAABF50C8580AAC0B4B8 /* [CP] Check Pods Manifest.lock */,
				651BF03F210CD5CE0016C4A9 /* Sources */,
				651BF040210CD5CE0016C4A9 /* Frameworks */,
				651BF041210CD5CE0016C4A9 /* Resources */,
			);
			buildRules = (
			);
			dependencies = (
				651BF045210CD5CE0016C4A9 /* PBXTargetDependency */,
			);
			name = HackingRioUITests;
			productName = HackingRioUITests;
			productReference = 651BF043210CD5CE0016C4A9 /* HackingRioUITests.xctest */;
			productType = "com.apple.product-type.bundle.ui-testing";
		};
/* End PBXNativeTarget section */

/* Begin PBXProject section */
		651BF01C210CD5CD0016C4A9 /* Project object */ = {
			isa = PBXProject;
			attributes = {
				LastSwiftUpdateCheck = 0940;
				LastUpgradeCheck = 0940;
				ORGANIZATIONNAME = "Giovanni Severo Barros";
				TargetAttributes = {
					651BF023210CD5CD0016C4A9 = {
						CreatedOnToolsVersion = 9.4.1;
					};
					651BF037210CD5CE0016C4A9 = {
						CreatedOnToolsVersion = 9.4.1;
						TestTargetID = 651BF023210CD5CD0016C4A9;
					};
					651BF042210CD5CE0016C4A9 = {
						CreatedOnToolsVersion = 9.4.1;
						TestTargetID = 651BF023210CD5CD0016C4A9;
					};
				};
			};
			buildConfigurationList = 651BF01F210CD5CD0016C4A9 /* Build configuration list for PBXProject "HackingRio" */;
			compatibilityVersion = "Xcode 9.3";
			developmentRegion = en;
			hasScannedForEncodings = 0;
			knownRegions = (
				en,
				Base,
			);
			mainGroup = 651BF01B210CD5CD0016C4A9;
			productRefGroup = 651BF025210CD5CD0016C4A9 /* Products */;
			projectDirPath = "";
			projectRoot = "";
			targets = (
				651BF023210CD5CD0016C4A9 /* HackingRio */,
				651BF037210CD5CE0016C4A9 /* HackingRioTests */,
				651BF042210CD5CE0016C4A9 /* HackingRioUITests */,
			);
		};
/* End PBXProject section */

/* Begin PBXResourcesBuildPhase section */
		651BF022210CD5CD0016C4A9 /* Resources */ = {
			isa = PBXResourcesBuildPhase;
			buildActionMask = 2147483647;
			files = (
				651BF032210CD5CE0016C4A9 /* LaunchScreen.storyboard in Resources */,
				651BF02F210CD5CE0016C4A9 /* Assets.xcassets in Resources */,
				6883EB75210D81210072D173 /* DoctorScheduleStoryboard.storyboard in Resources */,
				651BF02D210CD5CD0016C4A9 /* Main.storyboard in Resources */,
				3BBF3275210D606D00B32596 /* Payment.storyboard in Resources */,
				3BBF3277210D776900B32596 /* DoctorProfile.storyboard in Resources */,
			);
			runOnlyForDeploymentPostprocessing = 0;
		};
		651BF036210CD5CE0016C4A9 /* Resources */ = {
			isa = PBXResourcesBuildPhase;
			buildActionMask = 2147483647;
			files = (
			);
			runOnlyForDeploymentPostprocessing = 0;
		};
		651BF041210CD5CE0016C4A9 /* Resources */ = {
			isa = PBXResourcesBuildPhase;
			buildActionMask = 2147483647;
			files = (
			);
			runOnlyForDeploymentPostprocessing = 0;
		};
/* End PBXResourcesBuildPhase section */

/* Begin PBXShellScriptBuildPhase section */
		2F8307EEE48EC4DE2B5C7D2A /* [CP] Check Pods Manifest.lock */ = {
			isa = PBXShellScriptBuildPhase;
			buildActionMask = 2147483647;
			files = (
			);
			inputPaths = (
				"${PODS_PODFILE_DIR_PATH}/Podfile.lock",
				"${PODS_ROOT}/Manifest.lock",
			);
			name = "[CP] Check Pods Manifest.lock";
			outputPaths = (
				"$(DERIVED_FILE_DIR)/Pods-HackingRioTests-checkManifestLockResult.txt",
			);
			runOnlyForDeploymentPostprocessing = 0;
			shellPath = /bin/sh;
			shellScript = "diff \"${PODS_PODFILE_DIR_PATH}/Podfile.lock\" \"${PODS_ROOT}/Manifest.lock\" > /dev/null\nif [ $? != 0 ] ; then\n    # print error to STDERR\n    echo \"error: The sandbox is not in sync with the Podfile.lock. Run 'pod install' or update your CocoaPods installation.\" >&2\n    exit 1\nfi\n# This output is used by Xcode 'outputs' to avoid re-running this script phase.\necho \"SUCCESS\" > \"${SCRIPT_OUTPUT_FILE_0}\"\n";
			showEnvVarsInLog = 0;
		};
		396DCAABF50C8580AAC0B4B8 /* [CP] Check Pods Manifest.lock */ = {
			isa = PBXShellScriptBuildPhase;
			buildActionMask = 2147483647;
			files = (
			);
			inputPaths = (
				"${PODS_PODFILE_DIR_PATH}/Podfile.lock",
				"${PODS_ROOT}/Manifest.lock",
			);
			name = "[CP] Check Pods Manifest.lock";
			outputPaths = (
				"$(DERIVED_FILE_DIR)/Pods-HackingRioUITests-checkManifestLockResult.txt",
			);
			runOnlyForDeploymentPostprocessing = 0;
			shellPath = /bin/sh;
			shellScript = "diff \"${PODS_PODFILE_DIR_PATH}/Podfile.lock\" \"${PODS_ROOT}/Manifest.lock\" > /dev/null\nif [ $? != 0 ] ; then\n    # print error to STDERR\n    echo \"error: The sandbox is not in sync with the Podfile.lock. Run 'pod install' or update your CocoaPods installation.\" >&2\n    exit 1\nfi\n# This output is used by Xcode 'outputs' to avoid re-running this script phase.\necho \"SUCCESS\" > \"${SCRIPT_OUTPUT_FILE_0}\"\n";
			showEnvVarsInLog = 0;
		};
		6F2AED78D37F05D85DBF7B30 /* [CP] Check Pods Manifest.lock */ = {
			isa = PBXShellScriptBuildPhase;
			buildActionMask = 2147483647;
			files = (
			);
			inputPaths = (
				"${PODS_PODFILE_DIR_PATH}/Podfile.lock",
				"${PODS_ROOT}/Manifest.lock",
			);
			name = "[CP] Check Pods Manifest.lock";
			outputPaths = (
				"$(DERIVED_FILE_DIR)/Pods-HackingRio-checkManifestLockResult.txt",
			);
			runOnlyForDeploymentPostprocessing = 0;
			shellPath = /bin/sh;
			shellScript = "diff \"${PODS_PODFILE_DIR_PATH}/Podfile.lock\" \"${PODS_ROOT}/Manifest.lock\" > /dev/null\nif [ $? != 0 ] ; then\n    # print error to STDERR\n    echo \"error: The sandbox is not in sync with the Podfile.lock. Run 'pod install' or update your CocoaPods installation.\" >&2\n    exit 1\nfi\n# This output is used by Xcode 'outputs' to avoid re-running this script phase.\necho \"SUCCESS\" > \"${SCRIPT_OUTPUT_FILE_0}\"\n";
			showEnvVarsInLog = 0;
		};
		C583C9E468C2F946F6307E8C /* [CP] Embed Pods Frameworks */ = {
			isa = PBXShellScriptBuildPhase;
			buildActionMask = 2147483647;
			files = (
			);
			inputPaths = (
				"${SRCROOT}/Pods/Target Support Files/Pods-HackingRio/Pods-HackingRio-frameworks.sh",
				"${BUILT_PRODUCTS_DIR}/Stripe/Stripe.framework",
			);
			name = "[CP] Embed Pods Frameworks";
			outputPaths = (
				"${TARGET_BUILD_DIR}/${FRAMEWORKS_FOLDER_PATH}/Stripe.framework",
			);
			runOnlyForDeploymentPostprocessing = 0;
			shellPath = /bin/sh;
			shellScript = "\"${SRCROOT}/Pods/Target Support Files/Pods-HackingRio/Pods-HackingRio-frameworks.sh\"\n";
			showEnvVarsInLog = 0;
		};
/* End PBXShellScriptBuildPhase section */

/* Begin PBXSourcesBuildPhase section */
		651BF020210CD5CD0016C4A9 /* Sources */ = {
			isa = PBXSourcesBuildPhase;
			buildActionMask = 2147483647;
			files = (
				6883EB73210D7F730072D173 /* CalendarCollectionView.swift in Sources */,
				968189FE210D1E1000E6C7DC /* Clinic.swift in Sources */,
				6883EB6F210D7CCB0072D173 /* DoctorScheduleVC.swift in Sources */,
				65CC9E67210D1E4000AB847E /* HomeTabBar.swift in Sources */,
				3BBF327B210D7B1B00B32596 /* DoctorProfileVC.swift in Sources */,
				651BF02A210CD5CD0016C4A9 /* ViewController.swift in Sources */,
				3B71E37A210CE11900AD30AC /* Person.swift in Sources */,
				651BF028210CD5CD0016C4A9 /* AppDelegate.swift in Sources */,
				968189F8210CE73E00E6C7DC /* Slot.swift in Sources */,
				6883EB77210D8C300072D173 /* DoctorScheduleCell.swift in Sources */,
				96818A02210D220600E6C7DC /* BankAccount.swift in Sources */,
				962B3892210D57D700BF6318 /* Appointment.swift in Sources */,
				962B3894210D668B00BF6318 /* LoginVC.swift in Sources */,
				6883EB79210D8DFA0072D173 /* DAO.swift in Sources */,
				683E6273210D76FC00C6AA64 /* UIColor.swift in Sources */,
				96818A00210D20B400E6C7DC /* Payment.swift in Sources */,
				968189FC210CE7B100E6C7DC /* Patient.swift in Sources */,
				96818A04210D4BA500E6C7DC /* StandardVC.swift in Sources */,
				962B3898210D7AA500BF6318 /* SearchTab.swift in Sources */,
			);
			runOnlyForDeploymentPostprocessing = 0;
		};
		651BF034210CD5CE0016C4A9 /* Sources */ = {
			isa = PBXSourcesBuildPhase;
			buildActionMask = 2147483647;
			files = (
				651BF03D210CD5CE0016C4A9 /* HackingRioTests.swift in Sources */,
			);
			runOnlyForDeploymentPostprocessing = 0;
		};
		651BF03F210CD5CE0016C4A9 /* Sources */ = {
			isa = PBXSourcesBuildPhase;
			buildActionMask = 2147483647;
			files = (
				651BF048210CD5CE0016C4A9 /* HackingRioUITests.swift in Sources */,
			);
			runOnlyForDeploymentPostprocessing = 0;
		};
/* End PBXSourcesBuildPhase section */

/* Begin PBXTargetDependency section */
		651BF03A210CD5CE0016C4A9 /* PBXTargetDependency */ = {
			isa = PBXTargetDependency;
			target = 651BF023210CD5CD0016C4A9 /* HackingRio */;
			targetProxy = 651BF039210CD5CE0016C4A9 /* PBXContainerItemProxy */;
		};
		651BF045210CD5CE0016C4A9 /* PBXTargetDependency */ = {
			isa = PBXTargetDependency;
			target = 651BF023210CD5CD0016C4A9 /* HackingRio */;
			targetProxy = 651BF044210CD5CE0016C4A9 /* PBXContainerItemProxy */;
		};
/* End PBXTargetDependency section */

/* Begin PBXVariantGroup section */
		651BF02B210CD5CD0016C4A9 /* Main.storyboard */ = {
			isa = PBXVariantGroup;
			children = (
				651BF02C210CD5CD0016C4A9 /* Base */,
			);
			name = Main.storyboard;
			sourceTree = "<group>";
		};
		651BF030210CD5CE0016C4A9 /* LaunchScreen.storyboard */ = {
			isa = PBXVariantGroup;
			children = (
				651BF031210CD5CE0016C4A9 /* Base */,
			);
			name = LaunchScreen.storyboard;
			sourceTree = "<group>";
		};
/* End PBXVariantGroup section */

/* Begin XCBuildConfiguration section */
		651BF04A210CD5CE0016C4A9 /* Debug */ = {
			isa = XCBuildConfiguration;
			buildSettings = {
				ALWAYS_SEARCH_USER_PATHS = NO;
				CLANG_ANALYZER_NONNULL = YES;
				CLANG_ANALYZER_NUMBER_OBJECT_CONVERSION = YES_AGGRESSIVE;
				CLANG_CXX_LANGUAGE_STANDARD = "gnu++14";
				CLANG_CXX_LIBRARY = "libc++";
				CLANG_ENABLE_MODULES = YES;
				CLANG_ENABLE_OBJC_ARC = YES;
				CLANG_ENABLE_OBJC_WEAK = YES;
				CLANG_WARN_BLOCK_CAPTURE_AUTORELEASING = YES;
				CLANG_WARN_BOOL_CONVERSION = YES;
				CLANG_WARN_COMMA = YES;
				CLANG_WARN_CONSTANT_CONVERSION = YES;
				CLANG_WARN_DEPRECATED_OBJC_IMPLEMENTATIONS = YES;
				CLANG_WARN_DIRECT_OBJC_ISA_USAGE = YES_ERROR;
				CLANG_WARN_DOCUMENTATION_COMMENTS = YES;
				CLANG_WARN_EMPTY_BODY = YES;
				CLANG_WARN_ENUM_CONVERSION = YES;
				CLANG_WARN_INFINITE_RECURSION = YES;
				CLANG_WARN_INT_CONVERSION = YES;
				CLANG_WARN_NON_LITERAL_NULL_CONVERSION = YES;
				CLANG_WARN_OBJC_IMPLICIT_RETAIN_SELF = YES;
				CLANG_WARN_OBJC_LITERAL_CONVERSION = YES;
				CLANG_WARN_OBJC_ROOT_CLASS = YES_ERROR;
				CLANG_WARN_RANGE_LOOP_ANALYSIS = YES;
				CLANG_WARN_STRICT_PROTOTYPES = YES;
				CLANG_WARN_SUSPICIOUS_MOVE = YES;
				CLANG_WARN_UNGUARDED_AVAILABILITY = YES_AGGRESSIVE;
				CLANG_WARN_UNREACHABLE_CODE = YES;
				CLANG_WARN__DUPLICATE_METHOD_MATCH = YES;
				CODE_SIGN_IDENTITY = "iPhone Developer";
				COPY_PHASE_STRIP = NO;
				DEBUG_INFORMATION_FORMAT = dwarf;
				ENABLE_STRICT_OBJC_MSGSEND = YES;
				ENABLE_TESTABILITY = YES;
				GCC_C_LANGUAGE_STANDARD = gnu11;
				GCC_DYNAMIC_NO_PIC = NO;
				GCC_NO_COMMON_BLOCKS = YES;
				GCC_OPTIMIZATION_LEVEL = 0;
				GCC_PREPROCESSOR_DEFINITIONS = (
					"DEBUG=1",
					"$(inherited)",
				);
				GCC_WARN_64_TO_32_BIT_CONVERSION = YES;
				GCC_WARN_ABOUT_RETURN_TYPE = YES_ERROR;
				GCC_WARN_UNDECLARED_SELECTOR = YES;
				GCC_WARN_UNINITIALIZED_AUTOS = YES_AGGRESSIVE;
				GCC_WARN_UNUSED_FUNCTION = YES;
				GCC_WARN_UNUSED_VARIABLE = YES;
				IPHONEOS_DEPLOYMENT_TARGET = 11.4;
				MTL_ENABLE_DEBUG_INFO = YES;
				ONLY_ACTIVE_ARCH = YES;
				SDKROOT = iphoneos;
				SWIFT_ACTIVE_COMPILATION_CONDITIONS = DEBUG;
				SWIFT_OPTIMIZATION_LEVEL = "-Onone";
			};
			name = Debug;
		};
		651BF04B210CD5CE0016C4A9 /* Release */ = {
			isa = XCBuildConfiguration;
			buildSettings = {
				ALWAYS_SEARCH_USER_PATHS = NO;
				CLANG_ANALYZER_NONNULL = YES;
				CLANG_ANALYZER_NUMBER_OBJECT_CONVERSION = YES_AGGRESSIVE;
				CLANG_CXX_LANGUAGE_STANDARD = "gnu++14";
				CLANG_CXX_LIBRARY = "libc++";
				CLANG_ENABLE_MODULES = YES;
				CLANG_ENABLE_OBJC_ARC = YES;
				CLANG_ENABLE_OBJC_WEAK = YES;
				CLANG_WARN_BLOCK_CAPTURE_AUTORELEASING = YES;
				CLANG_WARN_BOOL_CONVERSION = YES;
				CLANG_WARN_COMMA = YES;
				CLANG_WARN_CONSTANT_CONVERSION = YES;
				CLANG_WARN_DEPRECATED_OBJC_IMPLEMENTATIONS = YES;
				CLANG_WARN_DIRECT_OBJC_ISA_USAGE = YES_ERROR;
				CLANG_WARN_DOCUMENTATION_COMMENTS = YES;
				CLANG_WARN_EMPTY_BODY = YES;
				CLANG_WARN_ENUM_CONVERSION = YES;
				CLANG_WARN_INFINITE_RECURSION = YES;
				CLANG_WARN_INT_CONVERSION = YES;
				CLANG_WARN_NON_LITERAL_NULL_CONVERSION = YES;
				CLANG_WARN_OBJC_IMPLICIT_RETAIN_SELF = YES;
				CLANG_WARN_OBJC_LITERAL_CONVERSION = YES;
				CLANG_WARN_OBJC_ROOT_CLASS = YES_ERROR;
				CLANG_WARN_RANGE_LOOP_ANALYSIS = YES;
				CLANG_WARN_STRICT_PROTOTYPES = YES;
				CLANG_WARN_SUSPICIOUS_MOVE = YES;
				CLANG_WARN_UNGUARDED_AVAILABILITY = YES_AGGRESSIVE;
				CLANG_WARN_UNREACHABLE_CODE = YES;
				CLANG_WARN__DUPLICATE_METHOD_MATCH = YES;
				CODE_SIGN_IDENTITY = "iPhone Developer";
				COPY_PHASE_STRIP = NO;
				DEBUG_INFORMATION_FORMAT = "dwarf-with-dsym";
				ENABLE_NS_ASSERTIONS = NO;
				ENABLE_STRICT_OBJC_MSGSEND = YES;
				GCC_C_LANGUAGE_STANDARD = gnu11;
				GCC_NO_COMMON_BLOCKS = YES;
				GCC_WARN_64_TO_32_BIT_CONVERSION = YES;
				GCC_WARN_ABOUT_RETURN_TYPE = YES_ERROR;
				GCC_WARN_UNDECLARED_SELECTOR = YES;
				GCC_WARN_UNINITIALIZED_AUTOS = YES_AGGRESSIVE;
				GCC_WARN_UNUSED_FUNCTION = YES;
				GCC_WARN_UNUSED_VARIABLE = YES;
				IPHONEOS_DEPLOYMENT_TARGET = 11.4;
				MTL_ENABLE_DEBUG_INFO = NO;
				SDKROOT = iphoneos;
				SWIFT_COMPILATION_MODE = wholemodule;
				SWIFT_OPTIMIZATION_LEVEL = "-O";
				VALIDATE_PRODUCT = YES;
			};
			name = Release;
		};
		651BF04D210CD5CE0016C4A9 /* Debug */ = {
			isa = XCBuildConfiguration;
			baseConfigurationReference = AB767C0ED229056D8DCCF4BC /* Pods-HackingRio.debug.xcconfig */;
			buildSettings = {
				ASSETCATALOG_COMPILER_APPICON_NAME = AppIcon;
				CODE_SIGN_STYLE = Automatic;
				DEVELOPMENT_TEAM = 98PH68S7E9;
				INFOPLIST_FILE = HackingRio/Info.plist;
				LD_RUNPATH_SEARCH_PATHS = (
					"$(inherited)",
					"@executable_path/Frameworks",
				);
				PRODUCT_BUNDLE_IDENTIFIER = LokTar.HackingRio;
				PRODUCT_NAME = "$(TARGET_NAME)";
				SWIFT_VERSION = 4.0;
				TARGETED_DEVICE_FAMILY = "1,2";
			};
			name = Debug;
		};
		651BF04E210CD5CE0016C4A9 /* Release */ = {
			isa = XCBuildConfiguration;
			baseConfigurationReference = A3FF06C82D2D4FFE32F80F4D /* Pods-HackingRio.release.xcconfig */;
			buildSettings = {
				ASSETCATALOG_COMPILER_APPICON_NAME = AppIcon;
				CODE_SIGN_STYLE = Automatic;
				DEVELOPMENT_TEAM = 98PH68S7E9;
				INFOPLIST_FILE = HackingRio/Info.plist;
				LD_RUNPATH_SEARCH_PATHS = (
					"$(inherited)",
					"@executable_path/Frameworks",
				);
				PRODUCT_BUNDLE_IDENTIFIER = LokTar.HackingRio;
				PRODUCT_NAME = "$(TARGET_NAME)";
				SWIFT_VERSION = 4.0;
				TARGETED_DEVICE_FAMILY = "1,2";
			};
			name = Release;
		};
		651BF050210CD5CE0016C4A9 /* Debug */ = {
			isa = XCBuildConfiguration;
			baseConfigurationReference = 34115F1AF2708BC58276765C /* Pods-HackingRioTests.debug.xcconfig */;
			buildSettings = {
				ALWAYS_EMBED_SWIFT_STANDARD_LIBRARIES = YES;
				BUNDLE_LOADER = "$(TEST_HOST)";
				CODE_SIGN_STYLE = Automatic;
				DEVELOPMENT_TEAM = 95YRNG7UFK;
				INFOPLIST_FILE = HackingRioTests/Info.plist;
				LD_RUNPATH_SEARCH_PATHS = (
					"$(inherited)",
					"@executable_path/Frameworks",
					"@loader_path/Frameworks",
				);
				PRODUCT_BUNDLE_IDENTIFIER = LokTar.HackingRioTests;
				PRODUCT_NAME = "$(TARGET_NAME)";
				SWIFT_VERSION = 4.0;
				TARGETED_DEVICE_FAMILY = "1,2";
				TEST_HOST = "$(BUILT_PRODUCTS_DIR)/HackingRio.app/HackingRio";
			};
			name = Debug;
		};
		651BF051210CD5CE0016C4A9 /* Release */ = {
			isa = XCBuildConfiguration;
			baseConfigurationReference = 973CA1106071518925F6DE72 /* Pods-HackingRioTests.release.xcconfig */;
			buildSettings = {
				ALWAYS_EMBED_SWIFT_STANDARD_LIBRARIES = YES;
				BUNDLE_LOADER = "$(TEST_HOST)";
				CODE_SIGN_STYLE = Automatic;
				DEVELOPMENT_TEAM = 95YRNG7UFK;
				INFOPLIST_FILE = HackingRioTests/Info.plist;
				LD_RUNPATH_SEARCH_PATHS = (
					"$(inherited)",
					"@executable_path/Frameworks",
					"@loader_path/Frameworks",
				);
				PRODUCT_BUNDLE_IDENTIFIER = LokTar.HackingRioTests;
				PRODUCT_NAME = "$(TARGET_NAME)";
				SWIFT_VERSION = 4.0;
				TARGETED_DEVICE_FAMILY = "1,2";
				TEST_HOST = "$(BUILT_PRODUCTS_DIR)/HackingRio.app/HackingRio";
			};
			name = Release;
		};
		651BF053210CD5CE0016C4A9 /* Debug */ = {
			isa = XCBuildConfiguration;
			baseConfigurationReference = 41A7B82764177BEA4228685E /* Pods-HackingRioUITests.debug.xcconfig */;
			buildSettings = {
				ALWAYS_EMBED_SWIFT_STANDARD_LIBRARIES = YES;
				CODE_SIGN_STYLE = Automatic;
				DEVELOPMENT_TEAM = 95YRNG7UFK;
				INFOPLIST_FILE = HackingRioUITests/Info.plist;
				LD_RUNPATH_SEARCH_PATHS = (
					"$(inherited)",
					"@executable_path/Frameworks",
					"@loader_path/Frameworks",
				);
				PRODUCT_BUNDLE_IDENTIFIER = LokTar.HackingRioUITests;
				PRODUCT_NAME = "$(TARGET_NAME)";
				SWIFT_VERSION = 4.0;
				TARGETED_DEVICE_FAMILY = "1,2";
				TEST_TARGET_NAME = HackingRio;
			};
			name = Debug;
		};
		651BF054210CD5CE0016C4A9 /* Release */ = {
			isa = XCBuildConfiguration;
			baseConfigurationReference = 1D314E82BA3A8096870AECF1 /* Pods-HackingRioUITests.release.xcconfig */;
			buildSettings = {
				ALWAYS_EMBED_SWIFT_STANDARD_LIBRARIES = YES;
				CODE_SIGN_STYLE = Automatic;
				DEVELOPMENT_TEAM = 95YRNG7UFK;
				INFOPLIST_FILE = HackingRioUITests/Info.plist;
				LD_RUNPATH_SEARCH_PATHS = (
					"$(inherited)",
					"@executable_path/Frameworks",
					"@loader_path/Frameworks",
				);
				PRODUCT_BUNDLE_IDENTIFIER = LokTar.HackingRioUITests;
				PRODUCT_NAME = "$(TARGET_NAME)";
				SWIFT_VERSION = 4.0;
				TARGETED_DEVICE_FAMILY = "1,2";
				TEST_TARGET_NAME = HackingRio;
			};
			name = Release;
		};
/* End XCBuildConfiguration section */

/* Begin XCConfigurationList section */
		651BF01F210CD5CD0016C4A9 /* Build configuration list for PBXProject "HackingRio" */ = {
			isa = XCConfigurationList;
			buildConfigurations = (
				651BF04A210CD5CE0016C4A9 /* Debug */,
				651BF04B210CD5CE0016C4A9 /* Release */,
			);
			defaultConfigurationIsVisible = 0;
			defaultConfigurationName = Release;
		};
		651BF04C210CD5CE0016C4A9 /* Build configuration list for PBXNativeTarget "HackingRio" */ = {
			isa = XCConfigurationList;
			buildConfigurations = (
				651BF04D210CD5CE0016C4A9 /* Debug */,
				651BF04E210CD5CE0016C4A9 /* Release */,
			);
			defaultConfigurationIsVisible = 0;
			defaultConfigurationName = Release;
		};
		651BF04F210CD5CE0016C4A9 /* Build configuration list for PBXNativeTarget "HackingRioTests" */ = {
			isa = XCConfigurationList;
			buildConfigurations = (
				651BF050210CD5CE0016C4A9 /* Debug */,
				651BF051210CD5CE0016C4A9 /* Release */,
			);
			defaultConfigurationIsVisible = 0;
			defaultConfigurationName = Release;
		};
		651BF052210CD5CE0016C4A9 /* Build configuration list for PBXNativeTarget "HackingRioUITests" */ = {
			isa = XCConfigurationList;
			buildConfigurations = (
				651BF053210CD5CE0016C4A9 /* Debug */,
				651BF054210CD5CE0016C4A9 /* Release */,
			);
			defaultConfigurationIsVisible = 0;
			defaultConfigurationName = Release;
		};
/* End XCConfigurationList section */
	};
	rootObject = 651BF01C210CD5CD0016C4A9 /* Project object */;
}
